
Microsoft Visual Studio Solution File, Format Version 12.00
# Visual Studio Version 17
VisualStudioVersion = 17.5.33502.453
MinimumVisualStudioVersion = 10.0.40219.1
Project("{FAE04EC0-301F-11D3-BF4B-00C04F79EFBC}") = "blokklist-api", "blokklist-api\blokklist-api.csproj", "{C1E7E76B-7810-4AA8-A68F-4136BC609F23}"
EndProject
Global
	GlobalSection(SolutionConfigurationPlatforms) = preSolution
		Debug|Any CPU = Debug|Any CPU
		Release|Any CPU = Release|Any CPU
	EndGlobalSection
	GlobalSection(ProjectConfigurationPlatforms) = postSolution
		{C1E7E76B-7810-4AA8-A68F-4136BC609F23}.Debug|Any CPU.ActiveCfg = Debug|Any CPU
		{C1E7E76B-7810-4AA8-A68F-4136BC609F23}.Debug|Any CPU.Build.0 = Debug|Any CPU
		{C1E7E76B-7810-4AA8-A68F-4136BC609F23}.Release|Any CPU.ActiveCfg = Release|Any CPU
		{C1E7E76B-7810-4AA8-A68F-4136BC609F23}.Release|Any CPU.Build.0 = Release|Any CPU
	EndGlobalSection
	GlobalSection(SolutionProperties) = preSolution
		HideSolutionNode = FALSE
	EndGlobalSection
	GlobalSection(ExtensibilityGlobals) = postSolution
		SolutionGuid = {44B0EB1E-F90D-4AF7-8953-893FC72A1AD0}
	EndGlobalSection
EndGlobal
